
Microsoft Visual Studio Solution File, Format Version 12.00
# Visual Studio 14
VisualStudioVersion = 14.0.24720.0
MinimumVisualStudioVersion = 10.0.40219.1
Project("{FAE04EC0-301F-11D3-BF4B-00C04F79EFBC}") = "NFX.SSH", "NFX.SSH.csproj", "{B3F23285-D532-4429-9955-5750ADA1665A}"
EndProject
Project("{FAE04EC0-301F-11D3-BF4B-00C04F79EFBC}") = "ErlangSSHTest", "Testing\ErlangSSHTest\ErlangSSHTest.csproj", "{20D2CDB5-40A8-42E1-8C54-C2D462648896}"
EndProject
Global
	GlobalSection(SolutionConfigurationPlatforms) = preSolution
		Debug|Any CPU = Debug|Any CPU
		Release|Any CPU = Release|Any CPU
	EndGlobalSection
	GlobalSection(ProjectConfigurationPlatforms) = postSolution
		{B3F23285-D532-4429-9955-5750ADA1665A}.Debug|Any CPU.ActiveCfg = Debug|Any CPU
		{B3F23285-D532-4429-9955-5750ADA1665A}.Debug|Any CPU.Build.0 = Debug|Any CPU
		{B3F23285-D532-4429-9955-5750ADA1665A}.Release|Any CPU.ActiveCfg = Release|Any CPU
		{B3F23285-D532-4429-9955-5750ADA1665A}.Release|Any CPU.Build.0 = Release|Any CPU
		{20D2CDB5-40A8-42E1-8C54-C2D462648896}.Debug|Any CPU.ActiveCfg = Debug|Any CPU
		{20D2CDB5-40A8-42E1-8C54-C2D462648896}.Debug|Any CPU.Build.0 = Debug|Any CPU
		{20D2CDB5-40A8-42E1-8C54-C2D462648896}.Release|Any CPU.ActiveCfg = Release|Any CPU
		{20D2CDB5-40A8-42E1-8C54-C2D462648896}.Release|Any CPU.Build.0 = Release|Any CPU
	EndGlobalSection
	GlobalSection(SolutionProperties) = preSolution
		HideSolutionNode = FALSE
	EndGlobalSection
EndGlobal
